# This file is generated by running "yarn install" inside your project.
# Manual changes might be lost - proceed with caution!

__metadata:
  version: 6
  cacheKey: 8

"is-arrayish@npm:^0.3.0":
  version: 0.3.2
  resolution: "is-arrayish@npm:0.3.2"
  checksum: 977e64f54d91c8f169b59afcd80ff19227e9f5c791fa28fa2e5bce355cbaf6c2c356711b734656e80c9dd4a854dd7efcf7894402f1031dfc5de5d620775b4d5f
  languageName: node
  linkType: hard

"isarray@npm:2.0.0":
  version: 2.0.0
  resolution: "isarray@npm:2.0.0"
  checksum: ff97cb1d8cfa9cbe2cdd033e607c53d69a39df76027b8525a0bf4e59a8dba50e3c8141c35c8305c1334f521e7ff5aa95b071de2c84a83b2973928210877aa544
  languageName: node
  linkType: hard

"renovate-service@workspace:.":
  version: 0.0.0-use.local
  resolution: "renovate-service@workspace:."
  dependencies:
    is-arrayish: ^0.3.0
    isarray: 2.0.0
  languageName: unknown
  linkType: soft
