# This file is generated by running "yarn install" inside your project.
# Manual changes might be lost - proceed with caution!

__metadata:
  version: 6
  cacheKey: 8

"@types/node@npm:^20.3.2":
  version: 20.11.5
  resolution: "@types/node@npm:20.11.5"
  dependencies:
    undici-types: ~5.26.4
  checksum: a542727de1334ae20a3ca034b0ecf4b464a57ca01efc4f9cf43bd9ab93896125ab3c2de060ecd8f6ae23b86c6bf3463f681b643e69c032c6a662d376c98a6092
  languageName: node
  linkType: hard

"isarray@npm:2.0.0":
  version: 2.0.0
  resolution: "isarray@npm:2.0.0"
  checksum: ff97cb1d8cfa9cbe2cdd033e607c53d69a39df76027b8525a0bf4e59a8dba50e3c8141c35c8305c1334f521e7ff5aa95b071de2c84a83b2973928210877aa544
  languageName: node
  linkType: hard

"renovate-service@workspace:.":
  version: 0.0.0-use.local
  resolution: "renovate-service@workspace:."
  dependencies:
    "@types/node": ^20.3.2
    isarray: 2.0.0
  languageName: unknown
  linkType: soft

"undici-types@npm:~5.26.4":
  version: 5.26.5
  resolution: "undici-types@npm:5.26.5"
  checksum: 3192ef6f3fd5df652f2dc1cd782b49d6ff14dc98e5dced492aa8a8c65425227da5da6aafe22523c67f035a272c599bb89cfe803c1db6311e44bed3042fc25487
  languageName: node
  linkType: hard
